
Microsoft Visual Studio Solution File, Format Version 12.00
# Visual Studio Version 17
VisualStudioVersion = 17.9.34701.34
MinimumVisualStudioVersion = 10.0.40219.1
Project("{FAE04EC0-301F-11D3-BF4B-00C04F79EFBC}") = "HRFeedApp", "HRFeedApp.csproj", "{D134707A-064B-4F73-BB68-A311336C4E90}"
EndProject
Global
	GlobalSection(SolutionConfigurationPlatforms) = preSolution
		Debug|Any CPU = Debug|Any CPU
		Release|Any CPU = Release|Any CPU
	EndGlobalSection
	GlobalSection(ProjectConfigurationPlatforms) = postSolution
		{D134707A-064B-4F73-BB68-A311336C4E90}.Debug|Any CPU.ActiveCfg = Debug|Any CPU
		{D134707A-064B-4F73-BB68-A311336C4E90}.Debug|Any CPU.Build.0 = Debug|Any CPU
		{D134707A-064B-4F73-BB68-A311336C4E90}.Release|Any CPU.ActiveCfg = Release|Any CPU
		{D134707A-064B-4F73-BB68-A311336C4E90}.Release|Any CPU.Build.0 = Release|Any CPU
	EndGlobalSection
	GlobalSection(SolutionProperties) = preSolution
		HideSolutionNode = FALSE
	EndGlobalSection
	GlobalSection(ExtensibilityGlobals) = postSolution
		SolutionGuid = {0C209BA8-CEE0-4DD4-8B69-8418A4AD7141}
	EndGlobalSection
EndGlobal
